
Microsoft Visual Studio Solution File, Format Version 12.00
# Visual Studio Version 16
VisualStudioVersion = 16.0.29123.88
MinimumVisualStudioVersion = 10.0.40219.1
Project("{FAE04EC0-301F-11D3-BF4B-00C04F79EFBC}") = "DSPBL", "DSPBL\DSPBL.csproj", "{56B019B6-6417-4318-9AFB-92BECB177B2B}"
EndProject
Global
	GlobalSection(SolutionConfigurationPlatforms) = preSolution
		Debug|Any CPU = Debug|Any CPU
		Release|Any CPU = Release|Any CPU
	EndGlobalSection
	GlobalSection(ProjectConfigurationPlatforms) = postSolution
		{56B019B6-6417-4318-9AFB-92BECB177B2B}.Debug|Any CPU.ActiveCfg = Debug|Any CPU
		{56B019B6-6417-4318-9AFB-92BECB177B2B}.Debug|Any CPU.Build.0 = Debug|Any CPU
		{56B019B6-6417-4318-9AFB-92BECB177B2B}.Release|Any CPU.ActiveCfg = Release|Any CPU
		{56B019B6-6417-4318-9AFB-92BECB177B2B}.Release|Any CPU.Build.0 = Release|Any CPU
	EndGlobalSection
	GlobalSection(SolutionProperties) = preSolution
		HideSolutionNode = FALSE
	EndGlobalSection
	GlobalSection(ExtensibilityGlobals) = postSolution
		SolutionGuid = {C15AEBFF-7B80-48F5-AD7F-05E374851D9D}
	EndGlobalSection
EndGlobal
